Microsoft Visual Studio Solution File, Format Version 12.00
# Visual Studio Version 17
VisualStudioVersion = 17.2.32505.173
MinimumVisualStudioVersion = 10.0.40219.1
Project("{9A19103F-16F7-4668-BE54-9A1E7A4F7556}") = "LibreriaWinniePod", "LibreriaWinniePod\LibreriaWinniePod.csproj", "{476BA920-D9B8-49DA-AA4D-429BB39476F0}"
EndProject
Project("{2150E333-8FDC-42A3-9474-1A3956D46DE8}") = "ApiInventario", "ApiInventario", "{FF0940F8-3983-48F1-BB0E-CEBFC09051D5}"
EndProject
Project("{9A19103F-16F7-4668-BE54-9A1E7A4F7556}") = "ApiInventario", "ApiInventario\ApiInventario.csproj", "{4502AFC5-9F8C-4D21-8AD3-B10C24A1C955}"
EndProject
Project("{2150E333-8FDC-42A3-9474-1A3956D46DE8}") = "Test", "Test", "{EB23871E-1E94-4BE4-A42D-14E7EE2BB0B5}"
EndProject
Project("{2150E333-8FDC-42A3-9474-1A3956D46DE8}") = "ApiLogin", "ApiLogin", "{8A77A67C-3798-478E-A219-92C284CFD4E3}"
EndProject
Project("{9A19103F-16F7-4668-BE54-9A1E7A4F7556}") = "ApiGateway", "ApiGateway\ApiGateway.csproj", "{9C46D9DC-966D-420E-9EBD-D812B1A78E08}"
EndProject
Project("{9A19103F-16F7-4668-BE54-9A1E7A4F7556}") = "ApiLogin", "ApiLogin\ApiLogin.csproj", "{2685A9FA-7768-4EE5-BED1-DD7558F3859A}"
EndProject
Project("{2150E333-8FDC-42A3-9474-1A3956D46DE8}") = "ApiFinalOrder", "ApiFinalOrder", "{526121E2-D73B-4EC4-BD12-858E64415FBE}"
EndProject
Project("{9A19103F-16F7-4668-BE54-9A1E7A4F7556}") = "ApiFinalOrder", "ApiFinalOrder\ApiFinalOrder.csproj", "{59603FE8-41FF-405F-98A9-FFD4C91E8289}"
EndProject
Project("{2150E333-8FDC-42A3-9474-1A3956D46DE8}") = "ApiMesa", "ApiMesa", "{7D8C219D-9814-403D-9BDA-16A6CBF78823}"
EndProject
Project("{9A19103F-16F7-4668-BE54-9A1E7A4F7556}") = "ApiMesa", "ApiMesa\ApiMesa.csproj", "{7FBD9A72-1FBD-434F-B189-9FC2BA44548C}"
EndProject
Project("{9A19103F-16F7-4668-BE54-9A1E7A4F7556}") = "OrdersAPITests", "OrdersAPI\OrdersAPITests.csproj", "{192BEBCE-43D3-4988-902F-B88EF4D3D90B}"
EndProject
Project("{9A19103F-16F7-4668-BE54-9A1E7A4F7556}") = "WinniePodLibTests", "WinniePodLib\WinniePodLibTests.csproj", "{B8513EB2-5B30-4917-A0B3-9A2416F35211}"
EndProject
Project("{9A19103F-16F7-4668-BE54-9A1E7A4F7556}") = "InventarioAPITests", "InventarioAPI\InventarioAPITests.csproj", "{C586CA8C-F695-4DA9-8FA3-66FF5FB8BCC2}"
EndProject
Project("{FAE04EC0-301F-11D3-BF4B-00C04F79EFBC}") = "TableTests", "TableTests\TableTests.csproj", "{7A70CCEC-6A09-4BF4-941A-9A361AA0B8C2}"
EndProject
Global
	GlobalSection(SolutionConfigurationPlatforms) = preSolution
		Debug|Any CPU = Debug|Any CPU
		Release|Any CPU = Release|Any CPU
	EndGlobalSection
	GlobalSection(ProjectConfigurationPlatforms) = postSolution
		{476BA920-D9B8-49DA-AA4D-429BB39476F0}.Debug|Any CPU.ActiveCfg = Debug|Any CPU
		{476BA920-D9B8-49DA-AA4D-429BB39476F0}.Debug|Any CPU.Build.0 = Debug|Any CPU
		{476BA920-D9B8-49DA-AA4D-429BB39476F0}.Release|Any CPU.ActiveCfg = Release|Any CPU
		{476BA920-D9B8-49DA-AA4D-429BB39476F0}.Release|Any CPU.Build.0 = Release|Any CPU
		{4502AFC5-9F8C-4D21-8AD3-B10C24A1C955}.Debug|Any CPU.ActiveCfg = Debug|Any CPU
		{4502AFC5-9F8C-4D21-8AD3-B10C24A1C955}.Debug|Any CPU.Build.0 = Debug|Any CPU
		{4502AFC5-9F8C-4D21-8AD3-B10C24A1C955}.Release|Any CPU.ActiveCfg = Release|Any CPU
		{4502AFC5-9F8C-4D21-8AD3-B10C24A1C955}.Release|Any CPU.Build.0 = Release|Any CPU
		{9C46D9DC-966D-420E-9EBD-D812B1A78E08}.Debug|Any CPU.ActiveCfg = Debug|Any CPU
		{9C46D9DC-966D-420E-9EBD-D812B1A78E08}.Debug|Any CPU.Build.0 = Debug|Any CPU
		{9C46D9DC-966D-420E-9EBD-D812B1A78E08}.Release|Any CPU.ActiveCfg = Release|Any CPU
		{9C46D9DC-966D-420E-9EBD-D812B1A78E08}.Release|Any CPU.Build.0 = Release|Any CPU
		{2685A9FA-7768-4EE5-BED1-DD7558F3859A}.Debug|Any CPU.ActiveCfg = Debug|Any CPU
		{2685A9FA-7768-4EE5-BED1-DD7558F3859A}.Debug|Any CPU.Build.0 = Debug|Any CPU
		{2685A9FA-7768-4EE5-BED1-DD7558F3859A}.Release|Any CPU.ActiveCfg = Release|Any CPU
		{2685A9FA-7768-4EE5-BED1-DD7558F3859A}.Release|Any CPU.Build.0 = Release|Any CPU
		{59603FE8-41FF-405F-98A9-FFD4C91E8289}.Debug|Any CPU.ActiveCfg = Debug|Any CPU
		{59603FE8-41FF-405F-98A9-FFD4C91E8289}.Debug|Any CPU.Build.0 = Debug|Any CPU
		{59603FE8-41FF-405F-98A9-FFD4C91E8289}.Release|Any CPU.ActiveCfg = Release|Any CPU
		{59603FE8-41FF-405F-98A9-FFD4C91E8289}.Release|Any CPU.Build.0 = Release|Any CPU
		{7FBD9A72-1FBD-434F-B189-9FC2BA44548C}.Debug|Any CPU.ActiveCfg = Debug|Any CPU
		{7FBD9A72-1FBD-434F-B189-9FC2BA44548C}.Debug|Any CPU.Build.0 = Debug|Any CPU
		{7FBD9A72-1FBD-434F-B189-9FC2BA44548C}.Release|Any CPU.ActiveCfg = Release|Any CPU
		{7FBD9A72-1FBD-434F-B189-9FC2BA44548C}.Release|Any CPU.Build.0 = Release|Any CPU
		{7A70CCEC-6A09-4BF4-941A-9A361AA0B8C2}.Debug|Any CPU.ActiveCfg = Debug|Any CPU
		{7A70CCEC-6A09-4BF4-941A-9A361AA0B8C2}.Debug|Any CPU.Build.0 = Debug|Any CPU
		{7A70CCEC-6A09-4BF4-941A-9A361AA0B8C2}.Release|Any CPU.ActiveCfg = Release|Any CPU
		{7A70CCEC-6A09-4BF4-941A-9A361AA0B8C2}.Release|Any CPU.Build.0 = Release|Any CPU
		{192BEBCE-43D3-4988-902F-B88EF4D3D90B}.Debug|Any CPU.ActiveCfg = Debug|Any CPU
		{192BEBCE-43D3-4988-902F-B88EF4D3D90B}.Debug|Any CPU.Build.0 = Debug|Any CPU
		{192BEBCE-43D3-4988-902F-B88EF4D3D90B}.Release|Any CPU.ActiveCfg = Release|Any CPU
		{192BEBCE-43D3-4988-902F-B88EF4D3D90B}.Release|Any CPU.Build.0 = Release|Any CPU
		{B8513EB2-5B30-4917-A0B3-9A2416F35211}.Debug|Any CPU.ActiveCfg = Debug|Any CPU
		{B8513EB2-5B30-4917-A0B3-9A2416F35211}.Debug|Any CPU.Build.0 = Debug|Any CPU
		{B8513EB2-5B30-4917-A0B3-9A2416F35211}.Release|Any CPU.ActiveCfg = Release|Any CPU
		{B8513EB2-5B30-4917-A0B3-9A2416F35211}.Release|Any CPU.Build.0 = Release|Any CPU
		{C586CA8C-F695-4DA9-8FA3-66FF5FB8BCC2}.Debug|Any CPU.ActiveCfg = Debug|Any CPU
		{C586CA8C-F695-4DA9-8FA3-66FF5FB8BCC2}.Debug|Any CPU.Build.0 = Debug|Any CPU
		{C586CA8C-F695-4DA9-8FA3-66FF5FB8BCC2}.Release|Any CPU.ActiveCfg = Release|Any CPU
		{C586CA8C-F695-4DA9-8FA3-66FF5FB8BCC2}.Release|Any CPU.Build.0 = Release|Any CPU
	EndGlobalSection
	GlobalSection(SolutionProperties) = preSolution
		HideSolutionNode = FALSE
	EndGlobalSection
	GlobalSection(NestedProjects) = preSolution
		{4502AFC5-9F8C-4D21-8AD3-B10C24A1C955} = {FF0940F8-3983-48F1-BB0E-CEBFC09051D5}
		{2685A9FA-7768-4EE5-BED1-DD7558F3859A} = {8A77A67C-3798-478E-A219-92C284CFD4E3}
		{59603FE8-41FF-405F-98A9-FFD4C91E8289} = {526121E2-D73B-4EC4-BD12-858E64415FBE}
		{7FBD9A72-1FBD-434F-B189-9FC2BA44548C} = {7D8C219D-9814-403D-9BDA-16A6CBF78823}
		{7A70CCEC-6A09-4BF4-941A-9A361AA0B8C2} = {EB23871E-1E94-4BE4-A42D-14E7EE2BB0B5}
		{192BEBCE-43D3-4988-902F-B88EF4D3D90B} = {EB23871E-1E94-4BE4-A42D-14E7EE2BB0B5}
		{B8513EB2-5B30-4917-A0B3-9A2416F35211} = {EB23871E-1E94-4BE4-A42D-14E7EE2BB0B5}
		{C586CA8C-F695-4DA9-8FA3-66FF5FB8BCC2} = {EB23871E-1E94-4BE4-A42D-14E7EE2BB0B5}
	EndGlobalSection
	GlobalSection(ExtensibilityGlobals) = postSolution
		SolutionGuid = {9EF5740D-77C3-4455-99DF-9650B94C7B0E}
	EndGlobalSection
EndGlobal
